
Microsoft Visual Studio Solution File, Format Version 12.00
# Visual Studio 15
Project("{FAE04EC0-301F-11D3-BF4B-00C04F79EFBC}") = "RxNavigation", "RxNavigation\RxNavigation.csproj", "{3B41DB87-8B09-422B-ABDC-8C2352061510}"
EndProject
Project("{FAE04EC0-301F-11D3-BF4B-00C04F79EFBC}") = "RxNavigation.XamForms", "RxNavigation.XamForms\RxNavigation.XamForms.csproj", "{87B2109C-EE10-4C2D-BE08-0C15C6B6086B}"
EndProject
Global
	GlobalSection(SolutionConfigurationPlatforms) = preSolution
		Debug|Any CPU = Debug|Any CPU
		Release|Any CPU = Release|Any CPU
	EndGlobalSection
	GlobalSection(ProjectConfigurationPlatforms) = postSolution
		{3B41DB87-8B09-422B-ABDC-8C2352061510}.Debug|Any CPU.ActiveCfg = Debug|Any CPU
		{3B41DB87-8B09-422B-ABDC-8C2352061510}.Debug|Any CPU.Build.0 = Debug|Any CPU
		{3B41DB87-8B09-422B-ABDC-8C2352061510}.Release|Any CPU.ActiveCfg = Release|Any CPU
		{3B41DB87-8B09-422B-ABDC-8C2352061510}.Release|Any CPU.Build.0 = Release|Any CPU
		{87B2109C-EE10-4C2D-BE08-0C15C6B6086B}.Debug|Any CPU.ActiveCfg = Debug|Any CPU
		{87B2109C-EE10-4C2D-BE08-0C15C6B6086B}.Debug|Any CPU.Build.0 = Debug|Any CPU
		{87B2109C-EE10-4C2D-BE08-0C15C6B6086B}.Release|Any CPU.ActiveCfg = Release|Any CPU
		{87B2109C-EE10-4C2D-BE08-0C15C6B6086B}.Release|Any CPU.Build.0 = Release|Any CPU
	EndGlobalSection
EndGlobal
